
Microsoft Visual Studio Solution File, Format Version 12.00
# Visual Studio 2012
VisualStudioVersion = 12.0.21005.1
MinimumVisualStudioVersion = 10.0.40219.1
Project("{FAE04EC0-301F-11D3-BF4B-00C04F79EFBC}") = "HeadForSuccess", "HeadForSuccess\HeadForSuccess.csproj", "{66E37E47-F3DA-44F7-A66E-10DA243B197D}"
EndProject
Global
	GlobalSection(SolutionConfigurationPlatforms) = preSolution
		Debug|Any CPU = Debug|Any CPU
		Debug|iPhone = Debug|iPhone
		Debug|iPhoneSimulator = Debug|iPhoneSimulator
		Debug|Mixed Platforms = Debug|Mixed Platforms
		Release|Any CPU = Release|Any CPU
		Release|iPhone = Release|iPhone
		Release|iPhoneSimulator = Release|iPhoneSimulator
		Release|Mixed Platforms = Release|Mixed Platforms
	EndGlobalSection
	GlobalSection(ProjectConfigurationPlatforms) = postSolution
		{66E37E47-F3DA-44F7-A66E-10DA243B197D}.Debug|Any CPU.ActiveCfg = Debug|iPhoneSimulator
		{66E37E47-F3DA-44F7-A66E-10DA243B197D}.Debug|iPhone.ActiveCfg = Debug|iPhone
		{66E37E47-F3DA-44F7-A66E-10DA243B197D}.Debug|iPhone.Build.0 = Debug|iPhone
		{66E37E47-F3DA-44F7-A66E-10DA243B197D}.Debug|iPhoneSimulator.ActiveCfg = Debug|iPhoneSimulator
		{66E37E47-F3DA-44F7-A66E-10DA243B197D}.Debug|iPhoneSimulator.Build.0 = Debug|iPhoneSimulator
		{66E37E47-F3DA-44F7-A66E-10DA243B197D}.Debug|Mixed Platforms.ActiveCfg = Debug|iPhoneSimulator
		{66E37E47-F3DA-44F7-A66E-10DA243B197D}.Debug|Mixed Platforms.Build.0 = Debug|iPhoneSimulator
		{66E37E47-F3DA-44F7-A66E-10DA243B197D}.Release|Any CPU.ActiveCfg = Release|iPhoneSimulator
		{66E37E47-F3DA-44F7-A66E-10DA243B197D}.Release|iPhone.ActiveCfg = Release|iPhone
		{66E37E47-F3DA-44F7-A66E-10DA243B197D}.Release|iPhone.Build.0 = Release|iPhone
		{66E37E47-F3DA-44F7-A66E-10DA243B197D}.Release|iPhoneSimulator.ActiveCfg = Release|iPhoneSimulator
		{66E37E47-F3DA-44F7-A66E-10DA243B197D}.Release|iPhoneSimulator.Build.0 = Release|iPhoneSimulator
		{66E37E47-F3DA-44F7-A66E-10DA243B197D}.Release|Mixed Platforms.ActiveCfg = Release|iPhoneSimulator
		{66E37E47-F3DA-44F7-A66E-10DA243B197D}.Release|Mixed Platforms.Build.0 = Release|iPhoneSimulator
	EndGlobalSection
	GlobalSection(SolutionProperties) = preSolution
		HideSolutionNode = FALSE
	EndGlobalSection
EndGlobal
