
Microsoft Visual Studio Solution File, Format Version 12.00
# Visual Studio 2012
Project("{FAE04EC0-301F-11D3-BF4B-00C04F79EFBC}") = "HeadForSuccess", "HeadForSuccess\HeadForSuccess.csproj", "{66E37E47-F3DA-44F7-A66E-10DA243B197D}"
EndProject
Global
	GlobalSection(SolutionConfigurationPlatforms) = preSolution
		Debug|iPhoneSimulator = Debug|iPhoneSimulator
		Release|iPhone = Release|iPhone
		Release|iPhoneSimulator = Release|iPhoneSimulator
		Debug|iPhone = Debug|iPhone
	EndGlobalSection
	GlobalSection(ProjectConfigurationPlatforms) = postSolution
		{66E37E47-F3DA-44F7-A66E-10DA243B197D}.Debug|iPhone.ActiveCfg = Debug|iPhone
		{66E37E47-F3DA-44F7-A66E-10DA243B197D}.Debug|iPhone.Build.0 = Debug|iPhone
		{66E37E47-F3DA-44F7-A66E-10DA243B197D}.Debug|iPhoneSimulator.ActiveCfg = Debug|iPhoneSimulator
		{66E37E47-F3DA-44F7-A66E-10DA243B197D}.Debug|iPhoneSimulator.Build.0 = Debug|iPhoneSimulator
		{66E37E47-F3DA-44F7-A66E-10DA243B197D}.Release|iPhone.ActiveCfg = Release|iPhone
		{66E37E47-F3DA-44F7-A66E-10DA243B197D}.Release|iPhone.Build.0 = Release|iPhone
		{66E37E47-F3DA-44F7-A66E-10DA243B197D}.Release|iPhoneSimulator.ActiveCfg = Release|iPhoneSimulator
		{66E37E47-F3DA-44F7-A66E-10DA243B197D}.Release|iPhoneSimulator.Build.0 = Release|iPhoneSimulator
	EndGlobalSection
EndGlobal
